{
  "version": 4,
  "terraform_version": "1.3.7",
  "serial": 18,
  "lineage": "d9c8feff-2022-dcdc-554d-08d39dd0e891",
  "outputs": {},
  "resources": [
    {
      "mode": "managed",
      "type": "yandex_compute_instance",
      "name": "web",
      "provider": "provider[\"registry.terraform.io/yandex-cloud/yandex\"]",
      "instances": [
        {
          "schema_version": 1,
          "attributes": {
            "allow_recreate": null,
            "allow_stopping_for_update": null,
            "boot_disk": [
              {
                "auto_delete": true,
                "device_name": "epd05lblh1hn667f0tmh",
                "disk_id": "epd05lblh1hn667f0tmh",
                "initialize_params": [
                  {
                    "block_size": 4096,
                    "description": "",
                    "image_id": "fd8movi7o1ofl59h1uu9",
                    "name": "",
                    "size": 3,
                    "snapshot_id": "",
                    "type": "network-hdd"
                  }
                ],
                "mode": "READ_WRITE"
              }
            ],
            "created_at": "2023-01-20T17:44:39Z",
            "description": "",
            "filesystem": [],
            "folder_id": "b1guk00v81akh4ab7ab9",
            "fqdn": "epdjvv43tcsg8rtefp4q.auto.internal",
            "hostname": "",
            "id": "epdjvv43tcsg8rtefp4q",
            "labels": {},
            "local_disk": [],
            "metadata": {
              "user-data": "#cloud-config\r\nusers:\r\n  - name: ildar\r\n    groups: sudo\r\n    shell: /bin/bash\r\n    sudo: ['ALL=(ALL) NOPASSWD:ALL']\r\n    ssh_authorized_keys:\r\n      - ssh-rsa AAAAB3NzaC1yc2EAAAADAQABAAABgQCyu7Dzh53mmkSLN+AbxnDWzCfq9hWuc0bbEL9QUUmGicp5X56vmVXhbHx1fuI/EVT3JiyAJv+sp1pZMRkNQCj8vvASlNhwHvk0nMGZ5Y6jsj8m2oA9+QmFlN6nD2fUhdW8RtksKvUo3+QagsTKM5811ViQPVbAXgct9/Bsf4Vwwv5oXawAjg4mo1OU7MxUsCy5QBYGKhHxBcHsS66eGSq6Oo8TELlqZTi46o2iWt1940n5Rikk1xGXSNh7iYwnCs4CRlNrMZX0PjwdXxSCtr1fNmOvq5hdCOYV7QwcwOn/yD6oVP4adoPD5cmR3uLKLBzZyBg0NwW04I14Mi224UBYisKpf39LuFISmvQlf/r/loNkOpzkWBq1i3Hcgf4ZOxHqmWGr5r9nm/czNno6SgbvXxG3UdZu9dTpgmCB26vMB4wq+7EF9KFnrLGOdRG9Dlgk1BhN2/dy/6t9C3VnBa+iXqwf0WiHBR5pr/6kxKhbC25UEF4AB7PJSyJCa0nrLPE= I.Gilyazev@yandex.ru"
            },
            "metadata_options": [
              {
                "aws_v1_http_endpoint": 1,
                "aws_v1_http_token": 1,
                "gce_http_endpoint": 1,
                "gce_http_token": 1
              }
            ],
            "name": "web-server",
            "network_acceleration_type": "standard",
            "network_interface": [
              {
                "dns_record": [],
                "index": 0,
                "ip_address": "192.168.10.15",
                "ipv4": true,
                "ipv6": false,
                "ipv6_address": "",
                "ipv6_dns_record": [],
                "mac_address": "d0:0d:13:ff:c8:3e",
                "nat": true,
                "nat_dns_record": [],
                "nat_ip_address": "84.201.140.48",
                "nat_ip_version": "IPV4",
                "security_group_ids": [],
                "subnet_id": "e2lh1k8r67lpja7tj457"
              }
            ],
            "placement_policy": [
              {
                "host_affinity_rules": [],
                "placement_group_id": ""
              }
            ],
            "platform_id": "standard-v1",
            "resources": [
              {
                "core_fraction": 100,
                "cores": 2,
                "gpus": 0,
                "memory": 4
              }
            ],
            "scheduling_policy": [
              {
                "preemptible": false
              }
            ],
            "secondary_disk": [],
            "service_account_id": "",
            "status": "running",
            "timeouts": null,
            "zone": "ru-central1-b"
          },
          "sensitive_attributes": [],
          "private": "eyJlMmJmYjczMC1lY2FhLTExZTYtOGY4OC0zNDM2M2JjN2M0YzAiOnsiY3JlYXRlIjozMDAwMDAwMDAwMDAsImRlbGV0ZSI6MzAwMDAwMDAwMDAwLCJ1cGRhdGUiOjMwMDAwMDAwMDAwMH0sInNjaGVtYV92ZXJzaW9uIjoiMSJ9",
          "dependencies": [
            "yandex_vpc_network.network-1",
            "yandex_vpc_subnet.subnet-1"
          ]
        }
      ]
    },
    {
      "mode": "managed",
      "type": "yandex_dns_recordset",
      "name": "rs1",
      "provider": "provider[\"registry.terraform.io/yandex-cloud/yandex\"]",
      "instances": [
        {
          "schema_version": 0,
          "attributes": {
            "data": [
              "testlemp.com."
            ],
            "id": "dns1isf3ll651muipmi9/www/CNAME",
            "name": "www",
            "timeouts": null,
            "ttl": 200,
            "type": "CNAME",
            "zone_id": "dns1isf3ll651muipmi9"
          },
          "sensitive_attributes": [],
          "private": "eyJlMmJmYjczMC1lY2FhLTExZTYtOGY4OC0zNDM2M2JjN2M0YzAiOnsiY3JlYXRlIjozMDAwMDAwMDAwMDAsImRlbGV0ZSI6MzAwMDAwMDAwMDAwLCJ1cGRhdGUiOjMwMDAwMDAwMDAwMH19",
          "dependencies": [
            "yandex_dns_zone.zone1"
          ]
        }
      ]
    },
    {
      "mode": "managed",
      "type": "yandex_dns_zone",
      "name": "zone1",
      "provider": "provider[\"registry.terraform.io/yandex-cloud/yandex\"]",
      "instances": [
        {
          "schema_version": 0,
          "attributes": {
            "created_at": "2023-01-20T17:47:15Z",
            "description": "Public zone",
            "folder_id": "b1guk00v81akh4ab7ab9",
            "id": "dns1isf3ll651muipmi9",
            "labels": null,
            "name": "example-zone-1",
            "private_networks": [],
            "public": true,
            "timeouts": null,
            "zone": "testlemp.com."
          },
          "sensitive_attributes": [],
          "private": "eyJlMmJmYjczMC1lY2FhLTExZTYtOGY4OC0zNDM2M2JjN2M0YzAiOnsiY3JlYXRlIjozMDAwMDAwMDAwMDAsImRlbGV0ZSI6MzAwMDAwMDAwMDAwLCJ1cGRhdGUiOjMwMDAwMDAwMDAwMH19"
        }
      ]
    },
    {
      "mode": "managed",
      "type": "yandex_vpc_network",
      "name": "network-1",
      "provider": "provider[\"registry.terraform.io/yandex-cloud/yandex\"]",
      "instances": [
        {
          "schema_version": 0,
          "attributes": {
            "created_at": "2023-01-20T17:44:38Z",
            "default_security_group_id": "",
            "description": "",
            "folder_id": "b1guk00v81akh4ab7ab9",
            "id": "enp9h1fdad4tieq5fl2k",
            "labels": {},
            "name": "network1",
            "subnet_ids": [
              "e2lh1k8r67lpja7tj457"
            ],
            "timeouts": null
          },
          "sensitive_attributes": [],
          "private": "eyJlMmJmYjczMC1lY2FhLTExZTYtOGY4OC0zNDM2M2JjN2M0YzAiOnsiY3JlYXRlIjo2MDAwMDAwMDAwMCwiZGVsZXRlIjo2MDAwMDAwMDAwMCwidXBkYXRlIjo2MDAwMDAwMDAwMH19"
        }
      ]
    },
    {
      "mode": "managed",
      "type": "yandex_vpc_subnet",
      "name": "subnet-1",
      "provider": "provider[\"registry.terraform.io/yandex-cloud/yandex\"]",
      "instances": [
        {
          "schema_version": 0,
          "attributes": {
            "created_at": "2023-01-20T17:44:38Z",
            "description": "",
            "dhcp_options": [],
            "folder_id": "b1guk00v81akh4ab7ab9",
            "id": "e2lh1k8r67lpja7tj457",
            "labels": {},
            "name": "subnet1",
            "network_id": "enp9h1fdad4tieq5fl2k",
            "route_table_id": "",
            "timeouts": null,
            "v4_cidr_blocks": [
              "192.168.10.0/24"
            ],
            "v6_cidr_blocks": [],
            "zone": "ru-central1-b"
          },
          "sensitive_attributes": [],
          "private": "eyJlMmJmYjczMC1lY2FhLTExZTYtOGY4OC0zNDM2M2JjN2M0YzAiOnsiY3JlYXRlIjoxODAwMDAwMDAwMDAsImRlbGV0ZSI6MTgwMDAwMDAwMDAwLCJ1cGRhdGUiOjE4MDAwMDAwMDAwMH19",
          "dependencies": [
            "yandex_vpc_network.network-1"
          ]
        }
      ]
    }
  ],
  "check_results": null
}
