{
  "version": 4,
  "terraform_version": "1.3.7",
  "serial": 162,
  "lineage": "d9c8feff-2022-dcdc-554d-08d39dd0e891",
  "outputs": {},
  "resources": [
    {
      "mode": "managed",
      "type": "yandex_compute_instance",
      "name": "web",
      "provider": "provider[\"registry.terraform.io/yandex-cloud/yandex\"]",
      "instances": [
        {
          "schema_version": 1,
          "attributes": {
            "allow_recreate": null,
            "allow_stopping_for_update": null,
            "boot_disk": [
              {
                "auto_delete": true,
                "device_name": "epdc48025gann9gqna1r",
                "disk_id": "epdc48025gann9gqna1r",
                "initialize_params": [
                  {
                    "block_size": 4096,
                    "description": "",
                    "image_id": "fd8movi7o1ofl59h1uu9",
                    "name": "",
                    "size": 3,
                    "snapshot_id": "",
                    "type": "network-hdd"
                  }
                ],
                "mode": "READ_WRITE"
              }
            ],
            "created_at": "2023-01-21T05:39:54Z",
            "description": "",
            "filesystem": [],
            "folder_id": "b1guk00v81akh4ab7ab9",
            "fqdn": "epdqsjrmgc63624qi90n.auto.internal",
            "hostname": "",
            "id": "epdqsjrmgc63624qi90n",
            "labels": {},
            "local_disk": [],
            "metadata": {
              "user-data": "#!/bin/bash\r\nsudo su -\r\ntouch /var/www/html/index.html\r\ncat \u003c\u003cEOF\u003e\u003e /var/www/html/index.html\r\n\u003chtml\u003e\r\n\u003ch3\u003e Builded this page powered by Terraform\u003c/h3\u003e\r\n\u003cbr\u003e\r\n\u003ch3\u003e Owner\u003c/h3\u003e\r\n\u003ch2\u003eIldar Gilyazev\u003c/h2\u003e\r\n\u003cbr\u003e\r\nHello to Ivan from Ildar\u003cbr\u003e\r\nHello to Nikolay from Ildar\u003cbr\u003e\r\nHello to Roman from Ildar\u003cbr\u003e\r\nHello to Olya from Ildar\u003cbr\u003e\r\n\u003c/html\u003e\r\nEOF\r\nservice nginx restart\r\n"
            },
            "metadata_options": [
              {
                "aws_v1_http_endpoint": 1,
                "aws_v1_http_token": 1,
                "gce_http_endpoint": 1,
                "gce_http_token": 1
              }
            ],
            "name": "web-server",
            "network_acceleration_type": "standard",
            "network_interface": [
              {
                "dns_record": [],
                "index": 0,
                "ip_address": "192.168.10.32",
                "ipv4": true,
                "ipv6": false,
                "ipv6_address": "",
                "ipv6_dns_record": [],
                "mac_address": "d0:0d:1a:e4:f7:68",
                "nat": true,
                "nat_dns_record": [],
                "nat_ip_address": "158.160.16.15",
                "nat_ip_version": "IPV4",
                "security_group_ids": [],
                "subnet_id": "e2lpa22hefettf68qtoa"
              }
            ],
            "placement_policy": [
              {
                "host_affinity_rules": [],
                "placement_group_id": ""
              }
            ],
            "platform_id": "standard-v1",
            "resources": [
              {
                "core_fraction": 100,
                "cores": 2,
                "gpus": 0,
                "memory": 4
              }
            ],
            "scheduling_policy": [
              {
                "preemptible": false
              }
            ],
            "secondary_disk": [],
            "service_account_id": "",
            "status": "running",
            "timeouts": null,
            "zone": "ru-central1-b"
          },
          "sensitive_attributes": [],
          "private": "eyJlMmJmYjczMC1lY2FhLTExZTYtOGY4OC0zNDM2M2JjN2M0YzAiOnsiY3JlYXRlIjozMDAwMDAwMDAwMDAsImRlbGV0ZSI6MzAwMDAwMDAwMDAwLCJ1cGRhdGUiOjMwMDAwMDAwMDAwMH0sInNjaGVtYV92ZXJzaW9uIjoiMSJ9",
          "dependencies": [
            "yandex_vpc_subnet.subnet-1"
          ]
        }
      ]
    },
    {
      "mode": "managed",
      "type": "yandex_dns_recordset",
      "name": "rs1",
      "provider": "provider[\"registry.terraform.io/yandex-cloud/yandex\"]",
      "instances": [
        {
          "schema_version": 0,
          "attributes": {
            "data": [
              "testlemp.com."
            ],
            "id": "dnsav0kieo7gl6iiae7b/www/CNAME",
            "name": "www",
            "timeouts": null,
            "ttl": 200,
            "type": "CNAME",
            "zone_id": "dnsav0kieo7gl6iiae7b"
          },
          "sensitive_attributes": [],
          "private": "eyJlMmJmYjczMC1lY2FhLTExZTYtOGY4OC0zNDM2M2JjN2M0YzAiOnsiY3JlYXRlIjozMDAwMDAwMDAwMDAsImRlbGV0ZSI6MzAwMDAwMDAwMDAwLCJ1cGRhdGUiOjMwMDAwMDAwMDAwMH19",
          "dependencies": [
            "yandex_dns_zone.zone1"
          ]
        }
      ]
    },
    {
      "mode": "managed",
      "type": "yandex_dns_zone",
      "name": "zone1",
      "provider": "provider[\"registry.terraform.io/yandex-cloud/yandex\"]",
      "instances": [
        {
          "schema_version": 0,
          "attributes": {
            "created_at": "2023-01-21T05:39:52Z",
            "description": "Public zone",
            "folder_id": "b1guk00v81akh4ab7ab9",
            "id": "dnsav0kieo7gl6iiae7b",
            "labels": {},
            "name": "example-zone-1",
            "private_networks": [],
            "public": true,
            "timeouts": null,
            "zone": "testlemp.com."
          },
          "sensitive_attributes": [],
          "private": "eyJlMmJmYjczMC1lY2FhLTExZTYtOGY4OC0zNDM2M2JjN2M0YzAiOnsiY3JlYXRlIjozMDAwMDAwMDAwMDAsImRlbGV0ZSI6MzAwMDAwMDAwMDAwLCJ1cGRhdGUiOjMwMDAwMDAwMDAwMH19"
        }
      ]
    },
    {
      "mode": "managed",
      "type": "yandex_vpc_network",
      "name": "network-1",
      "provider": "provider[\"registry.terraform.io/yandex-cloud/yandex\"]",
      "instances": [
        {
          "schema_version": 0,
          "attributes": {
            "created_at": "2023-01-21T05:39:52Z",
            "default_security_group_id": "",
            "description": "",
            "folder_id": "b1guk00v81akh4ab7ab9",
            "id": "enpdgd2vfci4bn8tm1tr",
            "labels": {},
            "name": "network1",
            "subnet_ids": [
              "e2lpa22hefettf68qtoa"
            ],
            "timeouts": null
          },
          "sensitive_attributes": [],
          "private": "eyJlMmJmYjczMC1lY2FhLTExZTYtOGY4OC0zNDM2M2JjN2M0YzAiOnsiY3JlYXRlIjo2MDAwMDAwMDAwMCwiZGVsZXRlIjo2MDAwMDAwMDAwMCwidXBkYXRlIjo2MDAwMDAwMDAwMH19"
        }
      ]
    },
    {
      "mode": "managed",
      "type": "yandex_vpc_subnet",
      "name": "subnet-1",
      "provider": "provider[\"registry.terraform.io/yandex-cloud/yandex\"]",
      "instances": [
        {
          "schema_version": 0,
          "attributes": {
            "created_at": "2023-01-21T05:39:53Z",
            "description": "",
            "dhcp_options": [],
            "folder_id": "b1guk00v81akh4ab7ab9",
            "id": "e2lpa22hefettf68qtoa",
            "labels": {},
            "name": "subnet1",
            "network_id": "enpdgd2vfci4bn8tm1tr",
            "route_table_id": "",
            "timeouts": null,
            "v4_cidr_blocks": [
              "192.168.10.0/24"
            ],
            "v6_cidr_blocks": [],
            "zone": "ru-central1-b"
          },
          "sensitive_attributes": [],
          "private": "eyJlMmJmYjczMC1lY2FhLTExZTYtOGY4OC0zNDM2M2JjN2M0YzAiOnsiY3JlYXRlIjoxODAwMDAwMDAwMDAsImRlbGV0ZSI6MTgwMDAwMDAwMDAwLCJ1cGRhdGUiOjE4MDAwMDAwMDAwMH19",
          "dependencies": [
            "yandex_vpc_network.network-1"
          ]
        }
      ]
    }
  ],
  "check_results": null
}
