{
  "version": 4,
  "terraform_version": "1.3.7",
  "serial": 7,
  "lineage": "b4120816-7dfa-d0da-fa87-cc8e220983f7",
  "outputs": {
    "external_ip_address_vm_1": {
      "value": "51.250.17.100",
      "type": "string"
    },
    "external_ip_address_vm_2": {
      "value": "158.160.25.118",
      "type": "string"
    },
    "internal_ip_address_vm_1": {
      "value": "192.168.10.20",
      "type": "string"
    },
    "internal_ip_address_vm_2": {
      "value": "192.168.10.5",
      "type": "string"
    }
  },
  "resources": [
    {
      "mode": "managed",
      "type": "yandex_compute_instance",
      "name": "vm-1",
      "provider": "provider[\"registry.terraform.io/yandex-cloud/yandex\"]",
      "instances": [
        {
          "schema_version": 1,
          "attributes": {
            "allow_recreate": null,
            "allow_stopping_for_update": null,
            "boot_disk": [
              {
                "auto_delete": true,
                "device_name": "epdqgdnn08scs8n1876b",
                "disk_id": "epdqgdnn08scs8n1876b",
                "initialize_params": [
                  {
                    "block_size": 4096,
                    "description": "",
                    "image_id": "fd8haecqq3rn9ch89eua",
                    "name": "",
                    "size": 5,
                    "snapshot_id": "",
                    "type": "network-hdd"
                  }
                ],
                "mode": "READ_WRITE"
              }
            ],
            "created_at": "2023-01-20T11:48:44Z",
            "description": "",
            "filesystem": [],
            "folder_id": "b1guk00v81akh4ab7ab9",
            "fqdn": "epdr1f10555nu5ustn07.auto.internal",
            "hostname": "",
            "id": "epdr1f10555nu5ustn07",
            "labels": null,
            "local_disk": [],
            "metadata": {
              "user-data": "#cloud-config\r\nusers:\r\n  - name: ildar\r\n    groups: sudo\r\n    shell: /bin/bash\r\n    sudo: ['ALL=(ALL) NOPASSWD:ALL']\r\n    ssh_authorized_keys:\r\n      - ssh-rsa AAAAB3NzaC1yc2EAAAADAQABAAABgQCyu7Dzh53mmkSLN+AbxnDWzCfq9hWuc0bbEL9QUUmGicp5X56vmVXhbHx1fuI/EVT3JiyAJv+sp1pZMRkNQCj8vvASlNhwHvk0nMGZ5Y6jsj8m2oA9+QmFlN6nD2fUhdW8RtksKvUo3+QagsTKM5811ViQPVbAXgct9/Bsf4Vwwv5oXawAjg4mo1OU7MxUsCy5QBYGKhHxBcHsS66eGSq6Oo8TELlqZTi46o2iWt1940n5Rikk1xGXSNh7iYwnCs4CRlNrMZX0PjwdXxSCtr1fNmOvq5hdCOYV7QwcwOn/yD6oVP4adoPD5cmR3uLKLBzZyBg0NwW04I14Mi224UBYisKpf39LuFISmvQlf/r/loNkOpzkWBq1i3Hcgf4ZOxHqmWGr5r9nm/czNno6SgbvXxG3UdZu9dTpgmCB26vMB4wq+7EF9KFnrLGOdRG9Dlgk1BhN2/dy/6t9C3VnBa+iXqwf0WiHBR5pr/6kxKhbC25UEF4AB7PJSyJCa0nrLPE= I.Gilyazev@yandex.ru"
            },
            "metadata_options": [
              {
                "aws_v1_http_endpoint": 1,
                "aws_v1_http_token": 1,
                "gce_http_endpoint": 1,
                "gce_http_token": 1
              }
            ],
            "name": "terraform1",
            "network_acceleration_type": "standard",
            "network_interface": [
              {
                "dns_record": [],
                "index": 0,
                "ip_address": "192.168.10.20",
                "ipv4": true,
                "ipv6": false,
                "ipv6_address": "",
                "ipv6_dns_record": [],
                "mac_address": "d0:0d:1b:0b:c2:02",
                "nat": true,
                "nat_dns_record": [],
                "nat_ip_address": "51.250.17.100",
                "nat_ip_version": "IPV4",
                "security_group_ids": [],
                "subnet_id": "e2l71ei3dltosrbvlaus"
              }
            ],
            "placement_policy": [
              {
                "host_affinity_rules": [],
                "placement_group_id": ""
              }
            ],
            "platform_id": "standard-v1",
            "resources": [
              {
                "core_fraction": 100,
                "cores": 2,
                "gpus": 0,
                "memory": 2
              }
            ],
            "scheduling_policy": [
              {
                "preemptible": false
              }
            ],
            "secondary_disk": [],
            "service_account_id": "",
            "status": "running",
            "timeouts": null,
            "zone": "ru-central1-b"
          },
          "sensitive_attributes": [],
          "private": "eyJlMmJmYjczMC1lY2FhLTExZTYtOGY4OC0zNDM2M2JjN2M0YzAiOnsiY3JlYXRlIjozMDAwMDAwMDAwMDAsImRlbGV0ZSI6MzAwMDAwMDAwMDAwLCJ1cGRhdGUiOjMwMDAwMDAwMDAwMH0sInNjaGVtYV92ZXJzaW9uIjoiMSJ9",
          "dependencies": [
            "yandex_vpc_subnet.subnet-1"
          ]
        }
      ]
    },
    {
      "mode": "managed",
      "type": "yandex_compute_instance",
      "name": "vm-2",
      "provider": "provider[\"registry.terraform.io/yandex-cloud/yandex\"]",
      "instances": [
        {
          "schema_version": 1,
          "attributes": {
            "allow_recreate": null,
            "allow_stopping_for_update": null,
            "boot_disk": [
              {
                "auto_delete": true,
                "device_name": "epdsdao3no3r745tla07",
                "disk_id": "epdsdao3no3r745tla07",
                "initialize_params": [
                  {
                    "block_size": 4096,
                    "description": "",
                    "image_id": "fd8haecqq3rn9ch89eua",
                    "name": "",
                    "size": 5,
                    "snapshot_id": "",
                    "type": "network-hdd"
                  }
                ],
                "mode": "READ_WRITE"
              }
            ],
            "created_at": "2023-01-20T11:44:57Z",
            "description": "",
            "filesystem": [],
            "folder_id": "b1guk00v81akh4ab7ab9",
            "fqdn": "epdt54aglpida5n598lj.auto.internal",
            "hostname": "",
            "id": "epdt54aglpida5n598lj",
            "labels": {},
            "local_disk": [],
            "metadata": {
              "user-data": "#cloud-config\r\nusers:\r\n  - name: ildar\r\n    groups: sudo\r\n    shell: /bin/bash\r\n    sudo: ['ALL=(ALL) NOPASSWD:ALL']\r\n    ssh_authorized_keys:\r\n      - ssh-rsa AAAAB3NzaC1yc2EAAAADAQABAAABgQCyu7Dzh53mmkSLN+AbxnDWzCfq9hWuc0bbEL9QUUmGicp5X56vmVXhbHx1fuI/EVT3JiyAJv+sp1pZMRkNQCj8vvASlNhwHvk0nMGZ5Y6jsj8m2oA9+QmFlN6nD2fUhdW8RtksKvUo3+QagsTKM5811ViQPVbAXgct9/Bsf4Vwwv5oXawAjg4mo1OU7MxUsCy5QBYGKhHxBcHsS66eGSq6Oo8TELlqZTi46o2iWt1940n5Rikk1xGXSNh7iYwnCs4CRlNrMZX0PjwdXxSCtr1fNmOvq5hdCOYV7QwcwOn/yD6oVP4adoPD5cmR3uLKLBzZyBg0NwW04I14Mi224UBYisKpf39LuFISmvQlf/r/loNkOpzkWBq1i3Hcgf4ZOxHqmWGr5r9nm/czNno6SgbvXxG3UdZu9dTpgmCB26vMB4wq+7EF9KFnrLGOdRG9Dlgk1BhN2/dy/6t9C3VnBa+iXqwf0WiHBR5pr/6kxKhbC25UEF4AB7PJSyJCa0nrLPE= I.Gilyazev@yandex.ru"
            },
            "metadata_options": [
              {
                "aws_v1_http_endpoint": 1,
                "aws_v1_http_token": 1,
                "gce_http_endpoint": 1,
                "gce_http_token": 1
              }
            ],
            "name": "terraform2",
            "network_acceleration_type": "standard",
            "network_interface": [
              {
                "dns_record": [],
                "index": 0,
                "ip_address": "192.168.10.5",
                "ipv4": true,
                "ipv6": false,
                "ipv6_address": "",
                "ipv6_dns_record": [],
                "mac_address": "d0:0d:1d:29:15:0a",
                "nat": true,
                "nat_dns_record": [],
                "nat_ip_address": "158.160.25.118",
                "nat_ip_version": "IPV4",
                "security_group_ids": [],
                "subnet_id": "e2l71ei3dltosrbvlaus"
              }
            ],
            "placement_policy": [
              {
                "host_affinity_rules": [],
                "placement_group_id": ""
              }
            ],
            "platform_id": "standard-v1",
            "resources": [
              {
                "core_fraction": 100,
                "cores": 2,
                "gpus": 0,
                "memory": 2
              }
            ],
            "scheduling_policy": [
              {
                "preemptible": false
              }
            ],
            "secondary_disk": [],
            "service_account_id": "",
            "status": "running",
            "timeouts": null,
            "zone": "ru-central1-b"
          },
          "sensitive_attributes": [],
          "private": "eyJlMmJmYjczMC1lY2FhLTExZTYtOGY4OC0zNDM2M2JjN2M0YzAiOnsiY3JlYXRlIjozMDAwMDAwMDAwMDAsImRlbGV0ZSI6MzAwMDAwMDAwMDAwLCJ1cGRhdGUiOjMwMDAwMDAwMDAwMH0sInNjaGVtYV92ZXJzaW9uIjoiMSJ9",
          "dependencies": [
            "yandex_vpc_network.network-1",
            "yandex_vpc_subnet.subnet-1"
          ]
        }
      ]
    },
    {
      "mode": "managed",
      "type": "yandex_vpc_network",
      "name": "network-1",
      "provider": "provider[\"registry.terraform.io/yandex-cloud/yandex\"]",
      "instances": [
        {
          "schema_version": 0,
          "attributes": {
            "created_at": "2023-01-20T11:44:55Z",
            "default_security_group_id": "",
            "description": "",
            "folder_id": "b1guk00v81akh4ab7ab9",
            "id": "enp1pmc09jl231k90378",
            "labels": {},
            "name": "network1",
            "subnet_ids": [
              "e2l71ei3dltosrbvlaus"
            ],
            "timeouts": null
          },
          "sensitive_attributes": [],
          "private": "eyJlMmJmYjczMC1lY2FhLTExZTYtOGY4OC0zNDM2M2JjN2M0YzAiOnsiY3JlYXRlIjo2MDAwMDAwMDAwMCwiZGVsZXRlIjo2MDAwMDAwMDAwMCwidXBkYXRlIjo2MDAwMDAwMDAwMH19"
        }
      ]
    },
    {
      "mode": "managed",
      "type": "yandex_vpc_subnet",
      "name": "subnet-1",
      "provider": "provider[\"registry.terraform.io/yandex-cloud/yandex\"]",
      "instances": [
        {
          "schema_version": 0,
          "attributes": {
            "created_at": "2023-01-20T11:44:56Z",
            "description": "",
            "dhcp_options": [],
            "folder_id": "b1guk00v81akh4ab7ab9",
            "id": "e2l71ei3dltosrbvlaus",
            "labels": {},
            "name": "subnet1",
            "network_id": "enp1pmc09jl231k90378",
            "route_table_id": "",
            "timeouts": null,
            "v4_cidr_blocks": [
              "192.168.10.0/24"
            ],
            "v6_cidr_blocks": [],
            "zone": "ru-central1-b"
          },
          "sensitive_attributes": [],
          "private": "eyJlMmJmYjczMC1lY2FhLTExZTYtOGY4OC0zNDM2M2JjN2M0YzAiOnsiY3JlYXRlIjoxODAwMDAwMDAwMDAsImRlbGV0ZSI6MTgwMDAwMDAwMDAwLCJ1cGRhdGUiOjE4MDAwMDAwMDAwMH19",
          "dependencies": [
            "yandex_vpc_network.network-1"
          ]
        }
      ]
    }
  ],
  "check_results": null
}
